// !$*UTF8*$!
{
	archiveVersion = 1;
	classes = {
	};
	objectVersion = 48;
	objects = {

/* Begin PBXBuildFile section */
		070EBAD12027F2D20060BFDE /* Math.swift in Sources */ = {isa = PBXBuildFile; fileRef = 070EBAD02027F2D20060BFDE /* Math.swift */; };
		070EBAD520288C140060BFDE /* RefreshControl.swift in Sources */ = {isa = PBXBuildFile; fileRef = 070EBAD420288C140060BFDE /* RefreshControl.swift */; };
		075A055E2021266200A8324A /* AppDelegate.swift in Sources */ = {isa = PBXBuildFile; fileRef = 075A055D2021266200A8324A /* AppDelegate.swift */; };
		075A05602021266200A8324A /* ViewController.swift in Sources */ = {isa = PBXBuildFile; fileRef = 075A055F2021266200A8324A /* ViewController.swift */; };
		075A05632021266200A8324A /* Main.storyboard in Resources */ = {isa = PBXBuildFile; fileRef = 075A05612021266200A8324A /* Main.storyboard */; };
		075A05652021266200A8324A /* Assets.xcassets in Resources */ = {isa = PBXBuildFile; fileRef = 075A05642021266200A8324A /* Assets.xcassets */; };
		075A05682021266200A8324A /* LaunchScreen.storyboard in Resources */ = {isa = PBXBuildFile; fileRef = 075A05662021266200A8324A /* LaunchScreen.storyboard */; };
		075A05732021266200A8324A /* FruitTests.swift in Sources */ = {isa = PBXBuildFile; fileRef = 075A05722021266200A8324A /* FruitTests.swift */; };
		075A057E2021266200A8324A /* FruitUITests.swift in Sources */ = {isa = PBXBuildFile; fileRef = 075A057D2021266200A8324A /* FruitUITests.swift */; };
		07E3D3EA2022A2710059102A /* infoTableViewCell.swift in Sources */ = {isa = PBXBuildFile; fileRef = 07E3D3E92022A2710059102A /* infoTableViewCell.swift */; };
		07E3D3EC2022A2B70059102A /* DetailViewController.swift in Sources */ = {isa = PBXBuildFile; fileRef = 07E3D3EB2022A2B70059102A /* DetailViewController.swift */; };
		07E3D3EE2022E25C0059102A /* Fruit.swift in Sources */ = {isa = PBXBuildFile; fileRef = 07E3D3ED2022E25C0059102A /* Fruit.swift */; };
/* End PBXBuildFile section */

/* Begin PBXContainerItemProxy section */
		075A056F2021266200A8324A /* PBXContainerItemProxy */ = {
			isa = PBXContainerItemProxy;
			containerPortal = 075A05522021266200A8324A /* Project object */;
			proxyType = 1;
			remoteGlobalIDString = 075A05592021266200A8324A;
			remoteInfo = Fruit;
		};
		075A057A2021266200A8324A /* PBXContainerItemProxy */ = {
			isa = PBXContainerItemProxy;
			containerPortal = 075A05522021266200A8324A /* Project object */;
			proxyType = 1;
			remoteGlobalIDString = 075A05592021266200A8324A;
			remoteInfo = Fruit;
		};
/* End PBXContainerItemProxy section */

/* Begin PBXFileReference section */
		070EBAD02027F2D20060BFDE /* Math.swift */ = {isa = PBXFileReference; lastKnownFileType = sourcecode.swift; path = Math.swift; sourceTree = "<group>"; };
		070EBAD420288C140060BFDE /* RefreshControl.swift */ = {isa = PBXFileReference; lastKnownFileType = sourcecode.swift; name = RefreshControl.swift; path = Fruit/View/RefreshControl.swift; sourceTree = SOURCE_ROOT; };
		075A055A2021266200A8324A /* Fruit.app */ = {isa = PBXFileReference; explicitFileType = wrapper.application; includeInIndex = 0; path = Fruit.app; sourceTree = BUILT_PRODUCTS_DIR; };
		075A055D2021266200A8324A /* AppDelegate.swift */ = {isa = PBXFileReference; lastKnownFileType = sourcecode.swift; path = AppDelegate.swift; sourceTree = "<group>"; };
		075A055F2021266200A8324A /* ViewController.swift */ = {isa = PBXFileReference; lastKnownFileType = sourcecode.swift; path = ViewController.swift; sourceTree = "<group>"; };
		075A05622021266200A8324A /* Base */ = {isa = PBXFileReference; lastKnownFileType = file.storyboard; name = Base; path = Base.lproj/Main.storyboard; sourceTree = "<group>"; };
		075A05642021266200A8324A /* Assets.xcassets */ = {isa = PBXFileReference; lastKnownFileType = folder.assetcatalog; path = Assets.xcassets; sourceTree = "<group>"; };
		075A05672021266200A8324A /* Base */ = {isa = PBXFileReference; lastKnownFileType = file.storyboard; name = Base; path = Base.lproj/LaunchScreen.storyboard; sourceTree = "<group>"; };
		075A05692021266200A8324A /* Info.plist */ = {isa = PBXFileReference; lastKnownFileType = text.plist.xml; path = Info.plist; sourceTree = "<group>"; };
		075A056E2021266200A8324A /* FruitTests.xctest */ = {isa = PBXFileReference; explicitFileType = wrapper.cfbundle; includeInIndex = 0; path = FruitTests.xctest; sourceTree = BUILT_PRODUCTS_DIR; };
		075A05722021266200A8324A /* FruitTests.swift */ = {isa = PBXFileReference; lastKnownFileType = sourcecode.swift; path = FruitTests.swift; sourceTree = "<group>"; };
		075A05742021266200A8324A /* Info.plist */ = {isa = PBXFileReference; lastKnownFileType = text.plist.xml; path = Info.plist; sourceTree = "<group>"; };
		075A05792021266200A8324A /* FruitUITests.xctest */ = {isa = PBXFileReference; explicitFileType = wrapper.cfbundle; includeInIndex = 0; path = FruitUITests.xctest; sourceTree = BUILT_PRODUCTS_DIR; };
		075A057D2021266200A8324A /* FruitUITests.swift */ = {isa = PBXFileReference; lastKnownFileType = sourcecode.swift; path = FruitUITests.swift; sourceTree = "<group>"; };
		075A057F2021266200A8324A /* Info.plist */ = {isa = PBXFileReference; lastKnownFileType = text.plist.xml; path = Info.plist; sourceTree = "<group>"; };
		07E3D3E92022A2710059102A /* infoTableViewCell.swift */ = {isa = PBXFileReference; lastKnownFileType = sourcecode.swift; path = infoTableViewCell.swift; sourceTree = "<group>"; };
		07E3D3EB2022A2B70059102A /* DetailViewController.swift */ = {isa = PBXFileReference; lastKnownFileType = sourcecode.swift; path = DetailViewController.swift; sourceTree = "<group>"; };
		07E3D3ED2022E25C0059102A /* Fruit.swift */ = {isa = PBXFileReference; lastKnownFileType = sourcecode.swift; path = Fruit.swift; sourceTree = "<group>"; };
/* End PBXFileReference section */

/* Begin PBXFrameworksBuildPhase section */
		075A05572021266200A8324A /* Frameworks */ = {
			isa = PBXFrameworksBuildPhase;
			buildActionMask = 2147483647;
			files = (
			);
			runOnlyForDeploymentPostprocessing = 0;
		};
		075A056B2021266200A8324A /* Frameworks */ = {
			isa = PBXFrameworksBuildPhase;
			buildActionMask = 2147483647;
			files = (
			);
			runOnlyForDeploymentPostprocessing = 0;
		};
		075A05762021266200A8324A /* Frameworks */ = {
			isa = PBXFrameworksBuildPhase;
			buildActionMask = 2147483647;
			files = (
			);
			runOnlyForDeploymentPostprocessing = 0;
		};
/* End PBXFrameworksBuildPhase section */

/* Begin PBXGroup section */
		075A05512021266200A8324A = {
			isa = PBXGroup;
			children = (
				075A055C2021266200A8324A /* Fruit */,
				075A05712021266200A8324A /* FruitTests */,
				075A057C2021266200A8324A /* FruitUITests */,
				075A055B2021266200A8324A /* Products */,
			);
			sourceTree = "<group>";
		};
		075A055B2021266200A8324A /* Products */ = {
			isa = PBXGroup;
			children = (
				075A055A2021266200A8324A /* Fruit.app */,
				075A056E2021266200A8324A /* FruitTests.xctest */,
				075A05792021266200A8324A /* FruitUITests.xctest */,
			);
			name = Products;
			sourceTree = "<group>";
		};
		075A055C2021266200A8324A /* Fruit */ = {
			isa = PBXGroup;
			children = (
				075A055D2021266200A8324A /* AppDelegate.swift */,
				075A058D20229E9200A8324A /* Model */,
				075A058C20229E7700A8324A /* View */,
				075A058B20229E5D00A8324A /* Controller */,
				075A05612021266200A8324A /* Main.storyboard */,
				075A05642021266200A8324A /* Assets.xcassets */,
				075A05662021266200A8324A /* LaunchScreen.storyboard */,
				075A05692021266200A8324A /* Info.plist */,
			);
			path = Fruit;
			sourceTree = "<group>";
		};
		075A05712021266200A8324A /* FruitTests */ = {
			isa = PBXGroup;
			children = (
				075A05722021266200A8324A /* FruitTests.swift */,
				075A05742021266200A8324A /* Info.plist */,
			);
			path = FruitTests;
			sourceTree = "<group>";
		};
		075A057C2021266200A8324A /* FruitUITests */ = {
			isa = PBXGroup;
			children = (
				075A057D2021266200A8324A /* FruitUITests.swift */,
				075A057F2021266200A8324A /* Info.plist */,
			);
			path = FruitUITests;
			sourceTree = "<group>";
		};
		075A058B20229E5D00A8324A /* Controller */ = {
			isa = PBXGroup;
			children = (
				075A055F2021266200A8324A /* ViewController.swift */,
				07E3D3EB2022A2B70059102A /* DetailViewController.swift */,
			);
			path = Controller;
			sourceTree = "<group>";
		};
		075A058C20229E7700A8324A /* View */ = {
			isa = PBXGroup;
			children = (
				07E3D3E92022A2710059102A /* infoTableViewCell.swift */,
				070EBAD420288C140060BFDE /* RefreshControl.swift */,
			);
			path = View;
			sourceTree = "<group>";
		};
		075A058D20229E9200A8324A /* Model */ = {
			isa = PBXGroup;
			children = (
				07E3D3ED2022E25C0059102A /* Fruit.swift */,
				070EBAD02027F2D20060BFDE /* Math.swift */,
			);
			path = Model;
			sourceTree = "<group>";
		};
/* End PBXGroup section */

/* Begin PBXNativeTarget section */
		075A05592021266200A8324A /* Fruit */ = {
			isa = PBXNativeTarget;
			buildConfigurationList = 075A05822021266200A8324A /* Build configuration list for PBXNativeTarget "Fruit" */;
			buildPhases = (
				075A05562021266200A8324A /* Sources */,
				075A05572021266200A8324A /* Frameworks */,
				075A05582021266200A8324A /* Resources */,
			);
			buildRules = (
			);
			dependencies = (
			);
			name = Fruit;
			productName = Fruit;
			productReference = 075A055A2021266200A8324A /* Fruit.app */;
			productType = "com.apple.product-type.application";
		};
		075A056D2021266200A8324A /* FruitTests */ = {
			isa = PBXNativeTarget;
			buildConfigurationList = 075A05852021266200A8324A /* Build configuration list for PBXNativeTarget "FruitTests" */;
			buildPhases = (
				075A056A2021266200A8324A /* Sources */,
				075A056B2021266200A8324A /* Frameworks */,
				075A056C2021266200A8324A /* Resources */,
			);
			buildRules = (
			);
			dependencies = (
				075A05702021266200A8324A /* PBXTargetDependency */,
			);
			name = FruitTests;
			productName = FruitTests;
			productReference = 075A056E2021266200A8324A /* FruitTests.xctest */;
			productType = "com.apple.product-type.bundle.unit-test";
		};
		075A05782021266200A8324A /* FruitUITests */ = {
			isa = PBXNativeTarget;
			buildConfigurationList = 075A05882021266200A8324A /* Build configuration list for PBXNativeTarget "FruitUITests" */;
			buildPhases = (
				075A05752021266200A8324A /* Sources */,
				075A05762021266200A8324A /* Frameworks */,
				075A05772021266200A8324A /* Resources */,
			);
			buildRules = (
			);
			dependencies = (
				075A057B2021266200A8324A /* PBXTargetDependency */,
			);
			name = FruitUITests;
			productName = FruitUITests;
			productReference = 075A05792021266200A8324A /* FruitUITests.xctest */;
			productType = "com.apple.product-type.bundle.ui-testing";
		};
/* End PBXNativeTarget section */

/* Begin PBXProject section */
		075A05522021266200A8324A /* Project object */ = {
			isa = PBXProject;
			attributes = {
				LastSwiftUpdateCheck = 0900;
				LastUpgradeCheck = 0900;
				ORGANIZATIONNAME = Omar;
				TargetAttributes = {
					075A05592021266200A8324A = {
						CreatedOnToolsVersion = 9.0;
						ProvisioningStyle = Automatic;
					};
					075A056D2021266200A8324A = {
						CreatedOnToolsVersion = 9.0;
						ProvisioningStyle = Automatic;
						TestTargetID = 075A05592021266200A8324A;
					};
					075A05782021266200A8324A = {
						CreatedOnToolsVersion = 9.0;
						ProvisioningStyle = Automatic;
						TestTargetID = 075A05592021266200A8324A;
					};
				};
			};
			buildConfigurationList = 075A05552021266200A8324A /* Build configuration list for PBXProject "Fruit" */;
			compatibilityVersion = "Xcode 8.0";
			developmentRegion = en;
			hasScannedForEncodings = 0;
			knownRegions = (
				en,
				Base,
			);
			mainGroup = 075A05512021266200A8324A;
			productRefGroup = 075A055B2021266200A8324A /* Products */;
			projectDirPath = "";
			projectRoot = "";
			targets = (
				075A05592021266200A8324A /* Fruit */,
				075A056D2021266200A8324A /* FruitTests */,
				075A05782021266200A8324A /* FruitUITests */,
			);
		};
/* End PBXProject section */

/* Begin PBXResourcesBuildPhase section */
		075A05582021266200A8324A /* Resources */ = {
			isa = PBXResourcesBuildPhase;
			buildActionMask = 2147483647;
			files = (
				075A05682021266200A8324A /* LaunchScreen.storyboard in Resources */,
				075A05652021266200A8324A /* Assets.xcassets in Resources */,
				075A05632021266200A8324A /* Main.storyboard in Resources */,
			);
			runOnlyForDeploymentPostprocessing = 0;
		};
		075A056C2021266200A8324A /* Resources */ = {
			isa = PBXResourcesBuildPhase;
			buildActionMask = 2147483647;
			files = (
			);
			runOnlyForDeploymentPostprocessing = 0;
		};
		075A05772021266200A8324A /* Resources */ = {
			isa = PBXResourcesBuildPhase;
			buildActionMask = 2147483647;
			files = (
			);
			runOnlyForDeploymentPostprocessing = 0;
		};
/* End PBXResourcesBuildPhase section */

/* Begin PBXSourcesBuildPhase section */
		075A05562021266200A8324A /* Sources */ = {
			isa = PBXSourcesBuildPhase;
			buildActionMask = 2147483647;
			files = (
				07E3D3EE2022E25C0059102A /* Fruit.swift in Sources */,
				075A05602021266200A8324A /* ViewController.swift in Sources */,
				070EBAD520288C140060BFDE /* RefreshControl.swift in Sources */,
				075A055E2021266200A8324A /* AppDelegate.swift in Sources */,
				07E3D3EA2022A2710059102A /* infoTableViewCell.swift in Sources */,
				07E3D3EC2022A2B70059102A /* DetailViewController.swift in Sources */,
				070EBAD12027F2D20060BFDE /* Math.swift in Sources */,
			);
			runOnlyForDeploymentPostprocessing = 0;
		};
		075A056A2021266200A8324A /* Sources */ = {
			isa = PBXSourcesBuildPhase;
			buildActionMask = 2147483647;
			files = (
				075A05732021266200A8324A /* FruitTests.swift in Sources */,
			);
			runOnlyForDeploymentPostprocessing = 0;
		};
		075A05752021266200A8324A /* Sources */ = {
			isa = PBXSourcesBuildPhase;
			buildActionMask = 2147483647;
			files = (
				075A057E2021266200A8324A /* FruitUITests.swift in Sources */,
			);
			runOnlyForDeploymentPostprocessing = 0;
		};
/* End PBXSourcesBuildPhase section */

/* Begin PBXTargetDependency section */
		075A05702021266200A8324A /* PBXTargetDependency */ = {
			isa = PBXTargetDependency;
			target = 075A05592021266200A8324A /* Fruit */;
			targetProxy = 075A056F2021266200A8324A /* PBXContainerItemProxy */;
		};
		075A057B2021266200A8324A /* PBXTargetDependency */ = {
			isa = PBXTargetDependency;
			target = 075A05592021266200A8324A /* Fruit */;
			targetProxy = 075A057A2021266200A8324A /* PBXContainerItemProxy */;
		};
/* End PBXTargetDependency section */

/* Begin PBXVariantGroup section */
		075A05612021266200A8324A /* Main.storyboard */ = {
			isa = PBXVariantGroup;
			children = (
				075A05622021266200A8324A /* Base */,
			);
			name = Main.storyboard;
			sourceTree = "<group>";
		};
		075A05662021266200A8324A /* LaunchScreen.storyboard */ = {
			isa = PBXVariantGroup;
			children = (
				075A05672021266200A8324A /* Base */,
			);
			name = LaunchScreen.storyboard;
			sourceTree = "<group>";
		};
/* End PBXVariantGroup section */

/* Begin XCBuildConfiguration section */
		075A05802021266200A8324A /* Debug */ = {
			isa = XCBuildConfiguration;
			buildSettings = {
				ALWAYS_SEARCH_USER_PATHS = NO;
				CLANG_ANALYZER_NONNULL = YES;
				CLANG_ANALYZER_NUMBER_OBJECT_CONVERSION = YES_AGGRESSIVE;
				CLANG_CXX_LANGUAGE_STANDARD = "gnu++14";
				CLANG_CXX_LIBRARY = "libc++";
				CLANG_ENABLE_MODULES = YES;
				CLANG_ENABLE_OBJC_ARC = YES;
				CLANG_WARN_BLOCK_CAPTURE_AUTORELEASING = YES;
				CLANG_WARN_BOOL_CONVERSION = YES;
				CLANG_WARN_COMMA = YES;
				CLANG_WARN_CONSTANT_CONVERSION = YES;
				CLANG_WARN_DIRECT_OBJC_ISA_USAGE = YES_ERROR;
				CLANG_WARN_DOCUMENTATION_COMMENTS = YES;
				CLANG_WARN_EMPTY_BODY = YES;
				CLANG_WARN_ENUM_CONVERSION = YES;
				CLANG_WARN_INFINITE_RECURSION = YES;
				CLANG_WARN_INT_CONVERSION = YES;
				CLANG_WARN_NON_LITERAL_NULL_CONVERSION = YES;
				CLANG_WARN_OBJC_LITERAL_CONVERSION = YES;
				CLANG_WARN_OBJC_ROOT_CLASS = YES_ERROR;
				CLANG_WARN_RANGE_LOOP_ANALYSIS = YES;
				CLANG_WARN_STRICT_PROTOTYPES = YES;
				CLANG_WARN_SUSPICIOUS_MOVE = YES;
				CLANG_WARN_UNGUARDED_AVAILABILITY = YES_AGGRESSIVE;
				CLANG_WARN_UNREACHABLE_CODE = YES;
				CLANG_WARN__DUPLICATE_METHOD_MATCH = YES;
				CODE_SIGN_IDENTITY = "iPhone Developer";
				COPY_PHASE_STRIP = NO;
				DEBUG_INFORMATION_FORMAT = dwarf;
				ENABLE_STRICT_OBJC_MSGSEND = YES;
				ENABLE_TESTABILITY = YES;
				GCC_C_LANGUAGE_STANDARD = gnu11;
				GCC_DYNAMIC_NO_PIC = NO;
				GCC_NO_COMMON_BLOCKS = YES;
				GCC_OPTIMIZATION_LEVEL = 0;
				GCC_PREPROCESSOR_DEFINITIONS = (
					"DEBUG=1",
					"$(inherited)",
				);
				GCC_WARN_64_TO_32_BIT_CONVERSION = YES;
				GCC_WARN_ABOUT_RETURN_TYPE = YES_ERROR;
				GCC_WARN_UNDECLARED_SELECTOR = YES;
				GCC_WARN_UNINITIALIZED_AUTOS = YES_AGGRESSIVE;
				GCC_WARN_UNUSED_FUNCTION = YES;
				GCC_WARN_UNUSED_VARIABLE = YES;
				IPHONEOS_DEPLOYMENT_TARGET = 11.0;
				MTL_ENABLE_DEBUG_INFO = YES;
				ONLY_ACTIVE_ARCH = YES;
				SDKROOT = iphoneos;
				SWIFT_ACTIVE_COMPILATION_CONDITIONS = DEBUG;
				SWIFT_OPTIMIZATION_LEVEL = "-Onone";
			};
			name = Debug;
		};
		075A05812021266200A8324A /* Release */ = {
			isa = XCBuildConfiguration;
			buildSettings = {
				ALWAYS_SEARCH_USER_PATHS = NO;
				CLANG_ANALYZER_NONNULL = YES;
				CLANG_ANALYZER_NUMBER_OBJECT_CONVERSION = YES_AGGRESSIVE;
				CLANG_CXX_LANGUAGE_STANDARD = "gnu++14";
				CLANG_CXX_LIBRARY = "libc++";
				CLANG_ENABLE_MODULES = YES;
				CLANG_ENABLE_OBJC_ARC = YES;
				CLANG_WARN_BLOCK_CAPTURE_AUTORELEASING = YES;
				CLANG_WARN_BOOL_CONVERSION = YES;
				CLANG_WARN_COMMA = YES;
				CLANG_WARN_CONSTANT_CONVERSION = YES;
				CLANG_WARN_DIRECT_OBJC_ISA_USAGE = YES_ERROR;
				CLANG_WARN_DOCUMENTATION_COMMENTS = YES;
				CLANG_WARN_EMPTY_BODY = YES;
				CLANG_WARN_ENUM_CONVERSION = YES;
				CLANG_WARN_INFINITE_RECURSION = YES;
				CLANG_WARN_INT_CONVERSION = YES;
				CLANG_WARN_NON_LITERAL_NULL_CONVERSION = YES;
				CLANG_WARN_OBJC_LITERAL_CONVERSION = YES;
				CLANG_WARN_OBJC_ROOT_CLASS = YES_ERROR;
				CLANG_WARN_RANGE_LOOP_ANALYSIS = YES;
				CLANG_WARN_STRICT_PROTOTYPES = YES;
				CLANG_WARN_SUSPICIOUS_MOVE = YES;
				CLANG_WARN_UNGUARDED_AVAILABILITY = YES_AGGRESSIVE;
				CLANG_WARN_UNREACHABLE_CODE = YES;
				CLANG_WARN__DUPLICATE_METHOD_MATCH = YES;
				CODE_SIGN_IDENTITY = "iPhone Developer";
				COPY_PHASE_STRIP = NO;
				DEBUG_INFORMATION_FORMAT = "dwarf-with-dsym";
				ENABLE_NS_ASSERTIONS = NO;
				ENABLE_STRICT_OBJC_MSGSEND = YES;
				GCC_C_LANGUAGE_STANDARD = gnu11;
				GCC_NO_COMMON_BLOCKS = YES;
				GCC_WARN_64_TO_32_BIT_CONVERSION = YES;
				GCC_WARN_ABOUT_RETURN_TYPE = YES_ERROR;
				GCC_WARN_UNDECLARED_SELECTOR = YES;
				GCC_WARN_UNINITIALIZED_AUTOS = YES_AGGRESSIVE;
				GCC_WARN_UNUSED_FUNCTION = YES;
				GCC_WARN_UNUSED_VARIABLE = YES;
				IPHONEOS_DEPLOYMENT_TARGET = 11.0;
				MTL_ENABLE_DEBUG_INFO = NO;
				SDKROOT = iphoneos;
				SWIFT_OPTIMIZATION_LEVEL = "-Owholemodule";
				VALIDATE_PRODUCT = YES;
			};
			name = Release;
		};
		075A05832021266200A8324A /* Debug */ = {
			isa = XCBuildConfiguration;
			buildSettings = {
				ASSETCATALOG_COMPILER_APPICON_NAME = AppIcon;
				CODE_SIGN_STYLE = Automatic;
				INFOPLIST_FILE = Fruit/Info.plist;
				LD_RUNPATH_SEARCH_PATHS = "$(inherited) @executable_path/Frameworks";
				PRODUCT_BUNDLE_IDENTIFIER = com.TAE.Fruit;
				PRODUCT_NAME = "$(TARGET_NAME)";
				SWIFT_VERSION = 4.0;
				TARGETED_DEVICE_FAMILY = "1,2";
			};
			name = Debug;
		};
		075A05842021266200A8324A /* Release */ = {
			isa = XCBuildConfiguration;
			buildSettings = {
				ASSETCATALOG_COMPILER_APPICON_NAME = AppIcon;
				CODE_SIGN_STYLE = Automatic;
				INFOPLIST_FILE = Fruit/Info.plist;
				LD_RUNPATH_SEARCH_PATHS = "$(inherited) @executable_path/Frameworks";
				PRODUCT_BUNDLE_IDENTIFIER = com.TAE.Fruit;
				PRODUCT_NAME = "$(TARGET_NAME)";
				SWIFT_VERSION = 4.0;
				TARGETED_DEVICE_FAMILY = "1,2";
			};
			name = Release;
		};
		075A05862021266200A8324A /* Debug */ = {
			isa = XCBuildConfiguration;
			buildSettings = {
				ALWAYS_EMBED_SWIFT_STANDARD_LIBRARIES = YES;
				BUNDLE_LOADER = "$(TEST_HOST)";
				CODE_SIGN_STYLE = Automatic;
				INFOPLIST_FILE = FruitTests/Info.plist;
				LD_RUNPATH_SEARCH_PATHS = "$(inherited) @executable_path/Frameworks @loader_path/Frameworks";
				PRODUCT_BUNDLE_IDENTIFIER = com.TAE.FruitTests;
				PRODUCT_NAME = "$(TARGET_NAME)";
				SWIFT_VERSION = 4.0;
				TARGETED_DEVICE_FAMILY = "1,2";
				TEST_HOST = "$(BUILT_PRODUCTS_DIR)/Fruit.app/Fruit";
			};
			name = Debug;
		};
		075A05872021266200A8324A /* Release */ = {
			isa = XCBuildConfiguration;
			buildSettings = {
				ALWAYS_EMBED_SWIFT_STANDARD_LIBRARIES = YES;
				BUNDLE_LOADER = "$(TEST_HOST)";
				CODE_SIGN_STYLE = Automatic;
				INFOPLIST_FILE = FruitTests/Info.plist;
				LD_RUNPATH_SEARCH_PATHS = "$(inherited) @executable_path/Frameworks @loader_path/Frameworks";
				PRODUCT_BUNDLE_IDENTIFIER = com.TAE.FruitTests;
				PRODUCT_NAME = "$(TARGET_NAME)";
				SWIFT_VERSION = 4.0;
				TARGETED_DEVICE_FAMILY = "1,2";
				TEST_HOST = "$(BUILT_PRODUCTS_DIR)/Fruit.app/Fruit";
			};
			name = Release;
		};
		075A05892021266200A8324A /* Debug */ = {
			isa = XCBuildConfiguration;
			buildSettings = {
				ALWAYS_EMBED_SWIFT_STANDARD_LIBRARIES = YES;
				CODE_SIGN_STYLE = Automatic;
				INFOPLIST_FILE = FruitUITests/Info.plist;
				LD_RUNPATH_SEARCH_PATHS = "$(inherited) @executable_path/Frameworks @loader_path/Frameworks";
				PRODUCT_BUNDLE_IDENTIFIER = com.TAE.FruitUITests;
				PRODUCT_NAME = "$(TARGET_NAME)";
				SWIFT_VERSION = 4.0;
				TARGETED_DEVICE_FAMILY = "1,2";
				TEST_TARGET_NAME = Fruit;
			};
			name = Debug;
		};
		075A058A2021266200A8324A /* Release */ = {
			isa = XCBuildConfiguration;
			buildSettings = {
				ALWAYS_EMBED_SWIFT_STANDARD_LIBRARIES = YES;
				CODE_SIGN_STYLE = Automatic;
				INFOPLIST_FILE = FruitUITests/Info.plist;
				LD_RUNPATH_SEARCH_PATHS = "$(inherited) @executable_path/Frameworks @loader_path/Frameworks";
				PRODUCT_BUNDLE_IDENTIFIER = com.TAE.FruitUITests;
				PRODUCT_NAME = "$(TARGET_NAME)";
				SWIFT_VERSION = 4.0;
				TARGETED_DEVICE_FAMILY = "1,2";
				TEST_TARGET_NAME = Fruit;
			};
			name = Release;
		};
/* End XCBuildConfiguration section */

/* Begin XCConfigurationList section */
		075A05552021266200A8324A /* Build configuration list for PBXProject "Fruit" */ = {
			isa = XCConfigurationList;
			buildConfigurations = (
				075A05802021266200A8324A /* Debug */,
				075A05812021266200A8324A /* Release */,
			);
			defaultConfigurationIsVisible = 0;
			defaultConfigurationName = Release;
		};
		075A05822021266200A8324A /* Build configuration list for PBXNativeTarget "Fruit" */ = {
			isa = XCConfigurationList;
			buildConfigurations = (
				075A05832021266200A8324A /* Debug */,
				075A05842021266200A8324A /* Release */,
			);
			defaultConfigurationIsVisible = 0;
			defaultConfigurationName = Release;
		};
		075A05852021266200A8324A /* Build configuration list for PBXNativeTarget "FruitTests" */ = {
			isa = XCConfigurationList;
			buildConfigurations = (
				075A05862021266200A8324A /* Debug */,
				075A05872021266200A8324A /* Release */,
			);
			defaultConfigurationIsVisible = 0;
			defaultConfigurationName = Release;
		};
		075A05882021266200A8324A /* Build configuration list for PBXNativeTarget "FruitUITests" */ = {
			isa = XCConfigurationList;
			buildConfigurations = (
				075A05892021266200A8324A /* Debug */,
				075A058A2021266200A8324A /* Release */,
			);
			defaultConfigurationIsVisible = 0;
			defaultConfigurationName = Release;
		};
/* End XCConfigurationList section */
	};
	rootObject = 075A05522021266200A8324A /* Project object */;
}
